<?xml version="1.0" encoding="utf-8"?>
<Project ToolsVersion="17.0" xmlns="http://schemas.microsoft.com/developer/msbuild/2003">
  <ItemGroup>
    <Filter Include="Source Files">
      <UniqueIdentifier>{D4AB1A20-C98B-4C79-88F6-B33960A6E79D}</UniqueIdentifier>
    </Filter>
    <Filter Include="Source Files\Included C Units">
      <UniqueIdentifier>{29C42D61-4E6B-48C7-B935-9F25739F8219}</UniqueIdentifier>
    </Filter>
    <Filter Include="Header Files">
      <UniqueIdentifier>{4C2F51B4-388C-4EA0-89AA-23C5B96D9CB8}</UniqueIdentifier>
    </Filter>
    <Filter Include="Shaders">
      <UniqueIdentifier>{94616D84-516D-4075-B47E-6E98303597FC}</UniqueIdentifier>
    </Filter>
    <Filter Include="Build Scripts">
      <UniqueIdentifier>{7907D9BE-6E7B-4D05-9F74-964818BFD590}</UniqueIdentifier>
    </Filter>
    <Filter Include="Config">
      <UniqueIdentifier>{912DA1B6-73EF-4741-93AE-CBDA465B31B5}</UniqueIdentifier>
    </Filter>
    <Filter Include="Documentation">
      <UniqueIdentifier>{4E108E32-A76D-4CF0-93E7-8A3887B0F2E34}</UniqueIdentifier>
    </Filter>
  </ItemGroup>
  <ItemGroup>
    <ClCompile Include="src\tr456_water_proxy.c">
      <Filter>Source Files</Filter>
    </ClCompile>
  </ItemGroup>
  <ItemGroup>
    <ClInclude Include="src\tr456_lab_common.h">
      <Filter>Header Files</Filter>
    </ClInclude>
    <ClInclude Include="src\tr456_wet_lara_lab.h">
      <Filter>Header Files</Filter>
    </ClInclude>
  </ItemGroup>
  <ItemGroup>
    <None Include="src\tr456_lab_common.c">
      <Filter>Source Files\Included C Units</Filter>
    </None>
    <None Include="src\tr456_wet_lara_lab.c">
      <Filter>Source Files\Included C Units</Filter>
    </None>
    <None Include="shaders\tr456_water_contact_ssgi.glsl">
      <Filter>Shaders</Filter>
    </None>
    <None Include="shaders\tr456_water_synthetic.glsl">
      <Filter>Shaders</Filter>
    </None>
    <None Include="shaders\tr456_water_synthetic_vertex.glsl">
      <Filter>Shaders</Filter>
    </None>
    <None Include="tools\build_tr456_water_proxy.ps1">
      <Filter>Build Scripts</Filter>
    </None>
    <None Include="tools\install_tr456_water_proxy.ps1">
      <Filter>Build Scripts</Filter>
    </None>
    <None Include="tools\package_nexus_release.ps1">
      <Filter>Build Scripts</Filter>
    </None>
    <None Include="tools\uninstall_tr456_water_proxy.ps1">
      <Filter>Build Scripts</Filter>
    </None>
    <None Include="build.ps1">
      <Filter>Build Scripts</Filter>
    </None>
    <None Include="tr456_water.ini">
      <Filter>Config</Filter>
    </None>
    <None Include="README.md">
      <Filter>Documentation</Filter>
    </None>
  </ItemGroup>
</Project>
